// !$*UTF8*$!
{
	archiveVersion = 1;
	classes = {
	};
	objectVersion = 55;
	objects = {

/* Begin PBXBuildFile section */
		B31D474128B51AF900A75FC1 /* ExploreHereApp.swift in Sources */ = {isa = PBXBuildFile; fileRef = B31D474028B51AF900A75FC1 /* ExploreHereApp.swift */; };
		B31D474328B51AF900A75FC1 /* ContentView.swift in Sources */ = {isa = PBXBuildFile; fileRef = B31D474228B51AF900A75FC1 /* ContentView.swift */; };
		B31D474528B51AFA00A75FC1 /* Assets.xcassets in Resources */ = {isa = PBXBuildFile; fileRef = B31D474428B51AFA00A75FC1 /* Assets.xcassets */; };
		B31D474828B51AFA00A75FC1 /* Preview Assets.xcassets in Resources */ = {isa = PBXBuildFile; fileRef = B31D474728B51AFA00A75FC1 /* Preview Assets.xcassets */; };
		B31D474F28B5230D00A75FC1 /* Roundviews.swift in Sources */ = {isa = PBXBuildFile; fileRef = B31D474E28B5230D00A75FC1 /* Roundviews.swift */; };
		B31D475128B5235500A75FC1 /* UserViews.swift in Sources */ = {isa = PBXBuildFile; fileRef = B31D475028B5235500A75FC1 /* UserViews.swift */; };
		B31D475328B523A300A75FC1 /* InfoViews.swift in Sources */ = {isa = PBXBuildFile; fileRef = B31D475228B523A300A75FC1 /* InfoViews.swift */; };
		B31D475528B523EA00A75FC1 /* HomescreenView.swift in Sources */ = {isa = PBXBuildFile; fileRef = B31D475428B523EA00A75FC1 /* HomescreenView.swift */; };
		B31D475728B5241400A75FC1 /* OnboardingView.swift in Sources */ = {isa = PBXBuildFile; fileRef = B31D475628B5241400A75FC1 /* OnboardingView.swift */; };
		B31D475928B5243400A75FC1 /* Constants.swift in Sources */ = {isa = PBXBuildFile; fileRef = B31D475828B5243400A75FC1 /* Constants.swift */; };
		B31D475B28B5333D00A75FC1 /* README.md in Resources */ = {isa = PBXBuildFile; fileRef = B31D475A28B5333D00A75FC1 /* README.md */; };
/* End PBXBuildFile section */

/* Begin PBXFileReference section */
		B31D473D28B51AF900A75FC1 /* ExploreHere.app */ = {isa = PBXFileReference; explicitFileType = wrapper.application; includeInIndex = 0; path = ExploreHere.app; sourceTree = BUILT_PRODUCTS_DIR; };
		B31D474028B51AF900A75FC1 /* ExploreHereApp.swift */ = {isa = PBXFileReference; lastKnownFileType = sourcecode.swift; path = ExploreHereApp.swift; sourceTree = "<group>"; };
		B31D474228B51AF900A75FC1 /* ContentView.swift */ = {isa = PBXFileReference; lastKnownFileType = sourcecode.swift; path = ContentView.swift; sourceTree = "<group>"; };
		B31D474428B51AFA00A75FC1 /* Assets.xcassets */ = {isa = PBXFileReference; lastKnownFileType = folder.assetcatalog; path = Assets.xcassets; sourceTree = "<group>"; };
		B31D474728B51AFA00A75FC1 /* Preview Assets.xcassets */ = {isa = PBXFileReference; lastKnownFileType = folder.assetcatalog; path = "Preview Assets.xcassets"; sourceTree = "<group>"; };
		B31D474E28B5230D00A75FC1 /* Roundviews.swift */ = {isa = PBXFileReference; lastKnownFileType = sourcecode.swift; path = Roundviews.swift; sourceTree = "<group>"; };
		B31D475028B5235500A75FC1 /* UserViews.swift */ = {isa = PBXFileReference; lastKnownFileType = sourcecode.swift; path = UserViews.swift; sourceTree = "<group>"; };
		B31D475228B523A300A75FC1 /* InfoViews.swift */ = {isa = PBXFileReference; lastKnownFileType = sourcecode.swift; path = InfoViews.swift; sourceTree = "<group>"; };
		B31D475428B523EA00A75FC1 /* HomescreenView.swift */ = {isa = PBXFileReference; lastKnownFileType = sourcecode.swift; path = HomescreenView.swift; sourceTree = "<group>"; };
		B31D475628B5241400A75FC1 /* OnboardingView.swift */ = {isa = PBXFileReference; lastKnownFileType = sourcecode.swift; path = OnboardingView.swift; sourceTree = "<group>"; };
		B31D475828B5243400A75FC1 /* Constants.swift */ = {isa = PBXFileReference; lastKnownFileType = sourcecode.swift; path = Constants.swift; sourceTree = "<group>"; };
		B31D475A28B5333D00A75FC1 /* README.md */ = {isa = PBXFileReference; fileEncoding = 4; lastKnownFileType = net.daringfireball.markdown; name = README.md; path = ../../../../README.md; sourceTree = "<group>"; };
		B31D475C28BC80F900A75FC1 /* homeworkweek2.playground */ = {isa = PBXFileReference; lastKnownFileType = file.playground; path = homeworkweek2.playground; sourceTree = "<group>"; xcLanguageSpecificationIdentifier = xcode.lang.swift; };
/* End PBXFileReference section */

/* Begin PBXFrameworksBuildPhase section */
		B31D473A28B51AF900A75FC1 /* Frameworks */ = {
			isa = PBXFrameworksBuildPhase;
			buildActionMask = 2147483647;
			files = (
			);
			runOnlyForDeploymentPostprocessing = 0;
		};
/* End PBXFrameworksBuildPhase section */

/* Begin PBXGroup section */
		B31D473428B51AF900A75FC1 = {
			isa = PBXGroup;
			children = (
				B31D473F28B51AF900A75FC1 /* ExploreHere */,
				B31D473E28B51AF900A75FC1 /* Products */,
			);
			sourceTree = "<group>";
		};
		B31D473E28B51AF900A75FC1 /* Products */ = {
			isa = PBXGroup;
			children = (
				B31D473D28B51AF900A75FC1 /* ExploreHere.app */,
			);
			name = Products;
			sourceTree = "<group>";
		};
		B31D473F28B51AF900A75FC1 /* ExploreHere */ = {
			isa = PBXGroup;
			children = (
				B31D475A28B5333D00A75FC1 /* README.md */,
				B31D474028B51AF900A75FC1 /* ExploreHereApp.swift */,
				B31D474228B51AF900A75FC1 /* ContentView.swift */,
				B31D474428B51AFA00A75FC1 /* Assets.xcassets */,
				B31D474628B51AFA00A75FC1 /* Preview Content */,
				B31D474E28B5230D00A75FC1 /* Roundviews.swift */,
				B31D475028B5235500A75FC1 /* UserViews.swift */,
				B31D475228B523A300A75FC1 /* InfoViews.swift */,
				B31D475428B523EA00A75FC1 /* HomescreenView.swift */,
				B31D475628B5241400A75FC1 /* OnboardingView.swift */,
				B31D475828B5243400A75FC1 /* Constants.swift */,
				B31D475C28BC80F900A75FC1 /* homeworkweek2.playground */,
			);
			path = ExploreHere;
			sourceTree = "<group>";
		};
		B31D474628B51AFA00A75FC1 /* Preview Content */ = {
			isa = PBXGroup;
			children = (
				B31D474728B51AFA00A75FC1 /* Preview Assets.xcassets */,
			);
			path = "Preview Content";
			sourceTree = "<group>";
		};
/* End PBXGroup section */

/* Begin PBXNativeTarget section */
		B31D473C28B51AF900A75FC1 /* ExploreHere */ = {
			isa = PBXNativeTarget;
			buildConfigurationList = B31D474B28B51AFA00A75FC1 /* Build configuration list for PBXNativeTarget "ExploreHere" */;
			buildPhases = (
				B31D473928B51AF900A75FC1 /* Sources */,
				B31D473A28B51AF900A75FC1 /* Frameworks */,
				B31D473B28B51AF900A75FC1 /* Resources */,
			);
			buildRules = (
			);
			dependencies = (
			);
			name = ExploreHere;
			productName = ExploreHere;
			productReference = B31D473D28B51AF900A75FC1 /* ExploreHere.app */;
			productType = "com.apple.product-type.application";
		};
/* End PBXNativeTarget section */

/* Begin PBXProject section */
		B31D473528B51AF900A75FC1 /* Project object */ = {
			isa = PBXProject;
			attributes = {
				BuildIndependentTargetsInParallel = 1;
				LastSwiftUpdateCheck = 1340;
				LastUpgradeCheck = 1340;
				TargetAttributes = {
					B31D473C28B51AF900A75FC1 = {
						CreatedOnToolsVersion = 13.4.1;
					};
				};
			};
			buildConfigurationList = B31D473828B51AF900A75FC1 /* Build configuration list for PBXProject "ExploreHere" */;
			compatibilityVersion = "Xcode 13.0";
			developmentRegion = en;
			hasScannedForEncodings = 0;
			knownRegions = (
				en,
				Base,
			);
			mainGroup = B31D473428B51AF900A75FC1;
			productRefGroup = B31D473E28B51AF900A75FC1 /* Products */;
			projectDirPath = "";
			projectRoot = "";
			targets = (
				B31D473C28B51AF900A75FC1 /* ExploreHere */,
			);
		};
/* End PBXProject section */

/* Begin PBXResourcesBuildPhase section */
		B31D473B28B51AF900A75FC1 /* Resources */ = {
			isa = PBXResourcesBuildPhase;
			buildActionMask = 2147483647;
			files = (
				B31D475B28B5333D00A75FC1 /* README.md in Resources */,
				B31D474828B51AFA00A75FC1 /* Preview Assets.xcassets in Resources */,
				B31D474528B51AFA00A75FC1 /* Assets.xcassets in Resources */,
			);
			runOnlyForDeploymentPostprocessing = 0;
		};
/* End PBXResourcesBuildPhase section */

/* Begin PBXSourcesBuildPhase section */
		B31D473928B51AF900A75FC1 /* Sources */ = {
			isa = PBXSourcesBuildPhase;
			buildActionMask = 2147483647;
			files = (
				B31D474328B51AF900A75FC1 /* ContentView.swift in Sources */,
				B31D474128B51AF900A75FC1 /* ExploreHereApp.swift in Sources */,
				B31D474F28B5230D00A75FC1 /* Roundviews.swift in Sources */,
				B31D475328B523A300A75FC1 /* InfoViews.swift in Sources */,
				B31D475128B5235500A75FC1 /* UserViews.swift in Sources */,
				B31D475528B523EA00A75FC1 /* HomescreenView.swift in Sources */,
				B31D475728B5241400A75FC1 /* OnboardingView.swift in Sources */,
				B31D475928B5243400A75FC1 /* Constants.swift in Sources */,
			);
			runOnlyForDeploymentPostprocessing = 0;
		};
/* End PBXSourcesBuildPhase section */

/* Begin XCBuildConfiguration section */
		B31D474928B51AFA00A75FC1 /* Debug */ = {
			isa = XCBuildConfiguration;
			buildSettings = {
				ALWAYS_SEARCH_USER_PATHS = NO;
				CLANG_ANALYZER_NONNULL = YES;
				CLANG_ANALYZER_NUMBER_OBJECT_CONVERSION = YES_AGGRESSIVE;
				CLANG_CXX_LANGUAGE_STANDARD = "gnu++17";
				CLANG_ENABLE_MODULES = YES;
				CLANG_ENABLE_OBJC_ARC = YES;
				CLANG_ENABLE_OBJC_WEAK = YES;
				CLANG_WARN_BLOCK_CAPTURE_AUTORELEASING = YES;
				CLANG_WARN_BOOL_CONVERSION = YES;
				CLANG_WARN_COMMA = YES;
				CLANG_WARN_CONSTANT_CONVERSION = YES;
				CLANG_WARN_DEPRECATED_OBJC_IMPLEMENTATIONS = YES;
				CLANG_WARN_DIRECT_OBJC_ISA_USAGE = YES_ERROR;
				CLANG_WARN_DOCUMENTATION_COMMENTS = YES;
				CLANG_WARN_EMPTY_BODY = YES;
				CLANG_WARN_ENUM_CONVERSION = YES;
				CLANG_WARN_INFINITE_RECURSION = YES;
				CLANG_WARN_INT_CONVERSION = YES;
				CLANG_WARN_NON_LITERAL_NULL_CONVERSION = YES;
				CLANG_WARN_OBJC_IMPLICIT_RETAIN_SELF = YES;
				CLANG_WARN_OBJC_LITERAL_CONVERSION = YES;
				CLANG_WARN_OBJC_ROOT_CLASS = YES_ERROR;
				CLANG_WARN_QUOTED_INCLUDE_IN_FRAMEWORK_HEADER = YES;
				CLANG_WARN_RANGE_LOOP_ANALYSIS = YES;
				CLANG_WARN_STRICT_PROTOTYPES = YES;
				CLANG_WARN_SUSPICIOUS_MOVE = YES;
				CLANG_WARN_UNGUARDED_AVAILABILITY = YES_AGGRESSIVE;
				CLANG_WARN_UNREACHABLE_CODE = YES;
				CLANG_WARN__DUPLICATE_METHOD_MATCH = YES;
				COPY_PHASE_STRIP = NO;
				DEBUG_INFORMATION_FORMAT = dwarf;
				ENABLE_STRICT_OBJC_MSGSEND = YES;
				ENABLE_TESTABILITY = YES;
				GCC_C_LANGUAGE_STANDARD = gnu11;
				GCC_DYNAMIC_NO_PIC = NO;
				GCC_NO_COMMON_BLOCKS = YES;
				GCC_OPTIMIZATION_LEVEL = 0;
				GCC_PREPROCESSOR_DEFINITIONS = (
					"DEBUG=1",
					"$(inherited)",
				);
				GCC_WARN_64_TO_32_BIT_CONVERSION = YES;
				GCC_WARN_ABOUT_RETURN_TYPE = YES_ERROR;
				GCC_WARN_UNDECLARED_SELECTOR = YES;
				GCC_WARN_UNINITIALIZED_AUTOS = YES_AGGRESSIVE;
				GCC_WARN_UNUSED_FUNCTION = YES;
				GCC_WARN_UNUSED_VARIABLE = YES;
				IPHONEOS_DEPLOYMENT_TARGET = 15.5;
				MTL_ENABLE_DEBUG_INFO = INCLUDE_SOURCE;
				MTL_FAST_MATH = YES;
				ONLY_ACTIVE_ARCH = YES;
				SDKROOT = iphoneos;
				SWIFT_ACTIVE_COMPILATION_CONDITIONS = DEBUG;
				SWIFT_OPTIMIZATION_LEVEL = "-Onone";
			};
			name = Debug;
		};
		B31D474A28B51AFA00A75FC1 /* Release */ = {
			isa = XCBuildConfiguration;
			buildSettings = {
				ALWAYS_SEARCH_USER_PATHS = NO;
				CLANG_ANALYZER_NONNULL = YES;
				CLANG_ANALYZER_NUMBER_OBJECT_CONVERSION = YES_AGGRESSIVE;
				CLANG_CXX_LANGUAGE_STANDARD = "gnu++17";
				CLANG_ENABLE_MODULES = YES;
				CLANG_ENABLE_OBJC_ARC = YES;
				CLANG_ENABLE_OBJC_WEAK = YES;
				CLANG_WARN_BLOCK_CAPTURE_AUTORELEASING = YES;
				CLANG_WARN_BOOL_CONVERSION = YES;
				CLANG_WARN_COMMA = YES;
				CLANG_WARN_CONSTANT_CONVERSION = YES;
				CLANG_WARN_DEPRECATED_OBJC_IMPLEMENTATIONS = YES;
				CLANG_WARN_DIRECT_OBJC_ISA_USAGE = YES_ERROR;
				CLANG_WARN_DOCUMENTATION_COMMENTS = YES;
				CLANG_WARN_EMPTY_BODY = YES;
				CLANG_WARN_ENUM_CONVERSION = YES;
				CLANG_WARN_INFINITE_RECURSION = YES;
				CLANG_WARN_INT_CONVERSION = YES;
				CLANG_WARN_NON_LITERAL_NULL_CONVERSION = YES;
				CLANG_WARN_OBJC_IMPLICIT_RETAIN_SELF = YES;
				CLANG_WARN_OBJC_LITERAL_CONVERSION = YES;
				CLANG_WARN_OBJC_ROOT_CLASS = YES_ERROR;
				CLANG_WARN_QUOTED_INCLUDE_IN_FRAMEWORK_HEADER = YES;
				CLANG_WARN_RANGE_LOOP_ANALYSIS = YES;
				CLANG_WARN_STRICT_PROTOTYPES = YES;
				CLANG_WARN_SUSPICIOUS_MOVE = YES;
				CLANG_WARN_UNGUARDED_AVAILABILITY = YES_AGGRESSIVE;
				CLANG_WARN_UNREACHABLE_CODE = YES;
				CLANG_WARN__DUPLICATE_METHOD_MATCH = YES;
				COPY_PHASE_STRIP = NO;
				DEBUG_INFORMATION_FORMAT = "dwarf-with-dsym";
				ENABLE_NS_ASSERTIONS = NO;
				ENABLE_STRICT_OBJC_MSGSEND = YES;
				GCC_C_LANGUAGE_STANDARD = gnu11;
				GCC_NO_COMMON_BLOCKS = YES;
				GCC_WARN_64_TO_32_BIT_CONVERSION = YES;
				GCC_WARN_ABOUT_RETURN_TYPE = YES_ERROR;
				GCC_WARN_UNDECLARED_SELECTOR = YES;
				GCC_WARN_UNINITIALIZED_AUTOS = YES_AGGRESSIVE;
				GCC_WARN_UNUSED_FUNCTION = YES;
				GCC_WARN_UNUSED_VARIABLE = YES;
				IPHONEOS_DEPLOYMENT_TARGET = 15.5;
				MTL_ENABLE_DEBUG_INFO = NO;
				MTL_FAST_MATH = YES;
				SDKROOT = iphoneos;
				SWIFT_COMPILATION_MODE = wholemodule;
				SWIFT_OPTIMIZATION_LEVEL = "-O";
				VALIDATE_PRODUCT = YES;
			};
			name = Release;
		};
		B31D474C28B51AFA00A75FC1 /* Debug */ = {
			isa = XCBuildConfiguration;
			buildSettings = {
				ASSETCATALOG_COMPILER_APPICON_NAME = AppIcon;
				ASSETCATALOG_COMPILER_GLOBAL_ACCENT_COLOR_NAME = AccentColor;
				CODE_SIGN_STYLE = Automatic;
				CURRENT_PROJECT_VERSION = 1;
				DEVELOPMENT_ASSET_PATHS = "\"ExploreHere/Preview Content\"";
				DEVELOPMENT_TEAM = UKMR5469AZ;
				ENABLE_PREVIEWS = YES;
				GENERATE_INFOPLIST_FILE = YES;
				INFOPLIST_KEY_UIApplicationSceneManifest_Generation = YES;
				INFOPLIST_KEY_UIApplicationSupportsIndirectInputEvents = YES;
				INFOPLIST_KEY_UILaunchScreen_Generation = YES;
				INFOPLIST_KEY_UISupportedInterfaceOrientations_iPad = "UIInterfaceOrientationPortrait UIInterfaceOrientationPortraitUpsideDown UIInterfaceOrientationLandscapeLeft UIInterfaceOrientationLandscapeRight";
				INFOPLIST_KEY_UISupportedInterfaceOrientations_iPhone = "UIInterfaceOrientationPortrait UIInterfaceOrientationLandscapeLeft UIInterfaceOrientationLandscapeRight";
				LD_RUNPATH_SEARCH_PATHS = (
					"$(inherited)",
					"@executable_path/Frameworks",
				);
				MARKETING_VERSION = 1.0;
				PRODUCT_BUNDLE_IDENTIFIER = com.williamsouef.ExploreHere;
				PRODUCT_NAME = "$(TARGET_NAME)";
				SWIFT_EMIT_LOC_STRINGS = YES;
				SWIFT_VERSION = 5.0;
				TARGETED_DEVICE_FAMILY = "1,2";
			};
			name = Debug;
		};
		B31D474D28B51AFA00A75FC1 /* Release */ = {
			isa = XCBuildConfiguration;
			buildSettings = {
				ASSETCATALOG_COMPILER_APPICON_NAME = AppIcon;
				ASSETCATALOG_COMPILER_GLOBAL_ACCENT_COLOR_NAME = AccentColor;
				CODE_SIGN_STYLE = Automatic;
				CURRENT_PROJECT_VERSION = 1;
				DEVELOPMENT_ASSET_PATHS = "\"ExploreHere/Preview Content\"";
				DEVELOPMENT_TEAM = UKMR5469AZ;
				ENABLE_PREVIEWS = YES;
				GENERATE_INFOPLIST_FILE = YES;
				INFOPLIST_KEY_UIApplicationSceneManifest_Generation = YES;
				INFOPLIST_KEY_UIApplicationSupportsIndirectInputEvents = YES;
				INFOPLIST_KEY_UILaunchScreen_Generation = YES;
				INFOPLIST_KEY_UISupportedInterfaceOrientations_iPad = "UIInterfaceOrientationPortrait UIInterfaceOrientationPortraitUpsideDown UIInterfaceOrientationLandscapeLeft UIInterfaceOrientationLandscapeRight";
				INFOPLIST_KEY_UISupportedInterfaceOrientations_iPhone = "UIInterfaceOrientationPortrait UIInterfaceOrientationLandscapeLeft UIInterfaceOrientationLandscapeRight";
				LD_RUNPATH_SEARCH_PATHS = (
					"$(inherited)",
					"@executable_path/Frameworks",
				);
				MARKETING_VERSION = 1.0;
				PRODUCT_BUNDLE_IDENTIFIER = com.williamsouef.ExploreHere;
				PRODUCT_NAME = "$(TARGET_NAME)";
				SWIFT_EMIT_LOC_STRINGS = YES;
				SWIFT_VERSION = 5.0;
				TARGETED_DEVICE_FAMILY = "1,2";
			};
			name = Release;
		};
/* End XCBuildConfiguration section */

/* Begin XCConfigurationList section */
		B31D473828B51AF900A75FC1 /* Build configuration list for PBXProject "ExploreHere" */ = {
			isa = XCConfigurationList;
			buildConfigurations = (
				B31D474928B51AFA00A75FC1 /* Debug */,
				B31D474A28B51AFA00A75FC1 /* Release */,
			);
			defaultConfigurationIsVisible = 0;
			defaultConfigurationName = Release;
		};
		B31D474B28B51AFA00A75FC1 /* Build configuration list for PBXNativeTarget "ExploreHere" */ = {
			isa = XCConfigurationList;
			buildConfigurations = (
				B31D474C28B51AFA00A75FC1 /* Debug */,
				B31D474D28B51AFA00A75FC1 /* Release */,
			);
			defaultConfigurationIsVisible = 0;
			defaultConfigurationName = Release;
		};
/* End XCConfigurationList section */
	};
	rootObject = B31D473528B51AF900A75FC1 /* Project object */;
}
